Microsoft Visual Studio Solution File, Format Version 12.00
# Visual Studio 15
Project("{8BC9CEB8-8B4A-11D0-8D11-00A0C91BC942}") = "ALL_BUILD", "ALL_BUILD.vcxproj", "{0ED67D2E-50AE-3706-8930-9C6BD217915B}"
	ProjectSection(ProjectDependencies) = postProject
		{7721C801-DE7C-3565-B6AA-85E0B6D6BF1F} = {7721C801-DE7C-3565-B6AA-85E0B6D6BF1F}
		{C863A2B8-27E4-35E2-A8C2-5D45969EE87B} = {C863A2B8-27E4-35E2-A8C2-5D45969EE87B}
		{C136B81D-0D12-3B85-8616-9DB1C8E2035B} = {C136B81D-0D12-3B85-8616-9DB1C8E2035B}
		{913CC1E9-B53B-367D-AFF9-529682A4A186} = {913CC1E9-B53B-367D-AFF9-529682A4A186}
	EndProjectSection
EndProject
Project("{8BC9CEB8-8B4A-11D0-8D11-00A0C91BC942}") = "INSTALL", "INSTALL.vcxproj", "{378BAA10-DBC9-316A-AE1E-0D444AEAD9FA}"
	ProjectSection(ProjectDependencies) = postProject
		{0ED67D2E-50AE-3706-8930-9C6BD217915B} = {0ED67D2E-50AE-3706-8930-9C6BD217915B}
		{7721C801-DE7C-3565-B6AA-85E0B6D6BF1F} = {7721C801-DE7C-3565-B6AA-85E0B6D6BF1F}
	EndProjectSection
EndProject
Project("{8BC9CEB8-8B4A-11D0-8D11-00A0C91BC942}") = "ZERO_CHECK", "ZERO_CHECK.vcxproj", "{7721C801-DE7C-3565-B6AA-85E0B6D6BF1F}"
	ProjectSection(ProjectDependencies) = postProject
	EndProjectSection
EndProject
Project("{8BC9CEB8-8B4A-11D0-8D11-00A0C91BC942}") = "dark", "dark.vcxproj", "{C863A2B8-27E4-35E2-A8C2-5D45969EE87B}"
	ProjectSection(ProjectDependencies) = postProject
		{7721C801-DE7C-3565-B6AA-85E0B6D6BF1F} = {7721C801-DE7C-3565-B6AA-85E0B6D6BF1F}
	EndProjectSection
EndProject
Project("{8BC9CEB8-8B4A-11D0-8D11-00A0C91BC942}") = "darknet", "darknet.vcxproj", "{C136B81D-0D12-3B85-8616-9DB1C8E2035B}"
	ProjectSection(ProjectDependencies) = postProject
		{7721C801-DE7C-3565-B6AA-85E0B6D6BF1F} = {7721C801-DE7C-3565-B6AA-85E0B6D6BF1F}
	EndProjectSection
EndProject
Project("{8BC9CEB8-8B4A-11D0-8D11-00A0C91BC942}") = "uselib", "uselib.vcxproj", "{913CC1E9-B53B-367D-AFF9-529682A4A186}"
	ProjectSection(ProjectDependencies) = postProject
		{7721C801-DE7C-3565-B6AA-85E0B6D6BF1F} = {7721C801-DE7C-3565-B6AA-85E0B6D6BF1F}
		{C863A2B8-27E4-35E2-A8C2-5D45969EE87B} = {C863A2B8-27E4-35E2-A8C2-5D45969EE87B}
	EndProjectSection
EndProject
Global
	GlobalSection(SolutionConfigurationPlatforms) = preSolution
		Debug|x64 = Debug|x64
		Release|x64 = Release|x64
		MinSizeRel|x64 = MinSizeRel|x64
		RelWithDebInfo|x64 = RelWithDebInfo|x64
	EndGlobalSection
	GlobalSection(ProjectConfigurationPlatforms) = postSolution
		{0ED67D2E-50AE-3706-8930-9C6BD217915B}.Debug|x64.ActiveCfg = Debug|x64
		{0ED67D2E-50AE-3706-8930-9C6BD217915B}.Debug|x64.Build.0 = Debug|x64
		{0ED67D2E-50AE-3706-8930-9C6BD217915B}.Release|x64.ActiveCfg = Release|x64
		{0ED67D2E-50AE-3706-8930-9C6BD217915B}.Release|x64.Build.0 = Release|x64
		{0ED67D2E-50AE-3706-8930-9C6BD217915B}.MinSizeRel|x64.ActiveCfg = MinSizeRel|x64
		{0ED67D2E-50AE-3706-8930-9C6BD217915B}.MinSizeRel|x64.Build.0 = MinSizeRel|x64
		{0ED67D2E-50AE-3706-8930-9C6BD217915B}.RelWithDebInfo|x64.ActiveCfg = RelWithDebInfo|x64
		{0ED67D2E-50AE-3706-8930-9C6BD217915B}.RelWithDebInfo|x64.Build.0 = RelWithDebInfo|x64
		{378BAA10-DBC9-316A-AE1E-0D444AEAD9FA}.Debug|x64.ActiveCfg = Debug|x64
		{378BAA10-DBC9-316A-AE1E-0D444AEAD9FA}.Release|x64.ActiveCfg = Release|x64
		{378BAA10-DBC9-316A-AE1E-0D444AEAD9FA}.MinSizeRel|x64.ActiveCfg = MinSizeRel|x64
		{378BAA10-DBC9-316A-AE1E-0D444AEAD9FA}.RelWithDebInfo|x64.ActiveCfg = RelWithDebInfo|x64
		{7721C801-DE7C-3565-B6AA-85E0B6D6BF1F}.Debug|x64.ActiveCfg = Debug|x64
		{7721C801-DE7C-3565-B6AA-85E0B6D6BF1F}.Debug|x64.Build.0 = Debug|x64
		{7721C801-DE7C-3565-B6AA-85E0B6D6BF1F}.Release|x64.ActiveCfg = Release|x64
		{7721C801-DE7C-3565-B6AA-85E0B6D6BF1F}.Release|x64.Build.0 = Release|x64
		{7721C801-DE7C-3565-B6AA-85E0B6D6BF1F}.MinSizeRel|x64.ActiveCfg = MinSizeRel|x64
		{7721C801-DE7C-3565-B6AA-85E0B6D6BF1F}.MinSizeRel|x64.Build.0 = MinSizeRel|x64
		{7721C801-DE7C-3565-B6AA-85E0B6D6BF1F}.RelWithDebInfo|x64.ActiveCfg = RelWithDebInfo|x64
		{7721C801-DE7C-3565-B6AA-85E0B6D6BF1F}.RelWithDebInfo|x64.Build.0 = RelWithDebInfo|x64
		{C863A2B8-27E4-35E2-A8C2-5D45969EE87B}.Debug|x64.ActiveCfg = Debug|x64
		{C863A2B8-27E4-35E2-A8C2-5D45969EE87B}.Debug|x64.Build.0 = Debug|x64
		{C863A2B8-27E4-35E2-A8C2-5D45969EE87B}.Release|x64.ActiveCfg = Release|x64
		{C863A2B8-27E4-35E2-A8C2-5D45969EE87B}.Release|x64.Build.0 = Release|x64
		{C863A2B8-27E4-35E2-A8C2-5D45969EE87B}.MinSizeRel|x64.ActiveCfg = MinSizeRel|x64
		{C863A2B8-27E4-35E2-A8C2-5D45969EE87B}.MinSizeRel|x64.Build.0 = MinSizeRel|x64
		{C863A2B8-27E4-35E2-A8C2-5D45969EE87B}.RelWithDebInfo|x64.ActiveCfg = RelWithDebInfo|x64
		{C863A2B8-27E4-35E2-A8C2-5D45969EE87B}.RelWithDebInfo|x64.Build.0 = RelWithDebInfo|x64
		{C136B81D-0D12-3B85-8616-9DB1C8E2035B}.Debug|x64.ActiveCfg = Debug|x64
		{C136B81D-0D12-3B85-8616-9DB1C8E2035B}.Debug|x64.Build.0 = Debug|x64
		{C136B81D-0D12-3B85-8616-9DB1C8E2035B}.Release|x64.ActiveCfg = Release|x64
		{C136B81D-0D12-3B85-8616-9DB1C8E2035B}.Release|x64.Build.0 = Release|x64
		{C136B81D-0D12-3B85-8616-9DB1C8E2035B}.MinSizeRel|x64.ActiveCfg = MinSizeRel|x64
		{C136B81D-0D12-3B85-8616-9DB1C8E2035B}.MinSizeRel|x64.Build.0 = MinSizeRel|x64
		{C136B81D-0D12-3B85-8616-9DB1C8E2035B}.RelWithDebInfo|x64.ActiveCfg = RelWithDebInfo|x64
		{C136B81D-0D12-3B85-8616-9DB1C8E2035B}.RelWithDebInfo|x64.Build.0 = RelWithDebInfo|x64
		{913CC1E9-B53B-367D-AFF9-529682A4A186}.Debug|x64.ActiveCfg = Debug|x64
		{913CC1E9-B53B-367D-AFF9-529682A4A186}.Debug|x64.Build.0 = Debug|x64
		{913CC1E9-B53B-367D-AFF9-529682A4A186}.Release|x64.ActiveCfg = Release|x64
		{913CC1E9-B53B-367D-AFF9-529682A4A186}.Release|x64.Build.0 = Release|x64
		{913CC1E9-B53B-367D-AFF9-529682A4A186}.MinSizeRel|x64.ActiveCfg = MinSizeRel|x64
		{913CC1E9-B53B-367D-AFF9-529682A4A186}.MinSizeRel|x64.Build.0 = MinSizeRel|x64
		{913CC1E9-B53B-367D-AFF9-529682A4A186}.RelWithDebInfo|x64.ActiveCfg = RelWithDebInfo|x64
		{913CC1E9-B53B-367D-AFF9-529682A4A186}.RelWithDebInfo|x64.Build.0 = RelWithDebInfo|x64
	EndGlobalSection
	GlobalSection(ExtensibilityGlobals) = postSolution
		SolutionGuid = {3CC38F5F-62A0-3627-B513-28A7288C6536}
	EndGlobalSection
	GlobalSection(ExtensibilityAddIns) = postSolution
	EndGlobalSection
EndGlobal
